
Microsoft Visual Studio Solution File, Format Version 12.00
# Visual Studio 15
VisualStudioVersion = 15.0.27130.2024
MinimumVisualStudioVersion = 10.0.40219.1
Project("{FAE04EC0-301F-11D3-BF4B-00C04F79EFBC}") = "imbWBI.Core", "imbWBI.Core\imbWBI.Core.csproj", "{9A9228CB-AF89-4FBA-93B9-D9731FC8472A}"
EndProject
Project("{FAE04EC0-301F-11D3-BF4B-00C04F79EFBC}") = "imbWBI.IndustryTermModel", "imbWBI.IndustryTermModel\imbWBI.IndustryTermModel.csproj", "{A919149C-5E3F-468D-BF8A-5935FCA586A9}"
EndProject
Project("{2150E333-8FDC-42A3-9474-1A3956D46DE8}") = ".NuGetPack", ".NuGetPack", "{1A52A1CA-D4B4-452B-8324-5663E28A19C7}"
	ProjectSection(SolutionItems) = preProject
		.NuGetPack\NuGet.exe = .NuGetPack\NuGet.exe
		.NuGetPack\NuGetPack.exe = .NuGetPack\NuGetPack.exe
	EndProjectSection
EndProject
Project("{FAE04EC0-301F-11D3-BF4B-00C04F79EFBC}") = "imbWBI.Tools", "imbWBI.Tools\imbWBI.Tools.csproj", "{9C1D19EF-9528-4FD6-9F96-D4E4DC1E5709}"
EndProject
Project("{FAE04EC0-301F-11D3-BF4B-00C04F79EFBC}") = "imbWBI.Core.NuGet", "imbWBI.Core.NuGet\imbWBI.Core.NuGet.csproj", "{AEA3D3AD-56C4-4811-806B-DE563E248138}"
EndProject
Project("{7CF6DF6D-3B04-46F8-A40B-537D21BCA0B4}") = "imbWBI.Documentation", "imbWBI.Documentation\imbWBI.Documentation.shfbproj", "{16F23F3B-6FC3-4204-840B-CD70D5E2FFB6}"
EndProject
Project("{FAE04EC0-301F-11D3-BF4B-00C04F79EFBC}") = "imbNLP.PartOfSpeech", "..\imbNLP\imbNLP.PartOfSpeech\imbNLP.PartOfSpeech.csproj", "{3F7D6E9B-9442-47DB-AC2E-3BFE38E644D5}"
EndProject
Project("{FAE04EC0-301F-11D3-BF4B-00C04F79EFBC}") = "imbNLP.PartOfSpeech.NuGet", "..\imbNLP\imbNLP.PartOfSpeech.NuGet\imbNLP.PartOfSpeech.NuGet.csproj", "{A7FF5A94-F239-464F-BE76-4F93E071044A}"
EndProject
Project("{FAE04EC0-301F-11D3-BF4B-00C04F79EFBC}") = "imbSCI.Graph", "..\imbSCI\imbSCI.Graph\imbSCI.Graph.csproj", "{44632DFA-7E69-4F56-B87C-005D013F312D}"
EndProject
Project("{FAE04EC0-301F-11D3-BF4B-00C04F79EFBC}") = "imbSCI.Graph.NuGet", "..\imbSCI\imbSCI.Graph.NuGet\imbSCI.Graph.NuGet.csproj", "{9E971A11-60E4-4EA8-A705-131EC88B35D8}"
EndProject
Global
	GlobalSection(SolutionConfigurationPlatforms) = preSolution
		Debug|Any CPU = Debug|Any CPU
		Debug|x86 = Debug|x86
		DebugCoreFramework|Any CPU = DebugCoreFramework|Any CPU
		DebugCoreFramework|x86 = DebugCoreFramework|x86
		DebugOptimized|Any CPU = DebugOptimized|Any CPU
		DebugOptimized|x86 = DebugOptimized|x86
		DebugScienceAnalytics|Any CPU = DebugScienceAnalytics|Any CPU
		DebugScienceAnalytics|x86 = DebugScienceAnalytics|x86
		Release|Any CPU = Release|Any CPU
		Release|x86 = Release|x86
		test|Any CPU = test|Any CPU
		test|x86 = test|x86
	EndGlobalSection
	GlobalSection(ProjectConfigurationPlatforms) = postSolution
		{9A9228CB-AF89-4FBA-93B9-D9731FC8472A}.Debug|Any CPU.ActiveCfg = Debug|Any CPU
		{9A9228CB-AF89-4FBA-93B9-D9731FC8472A}.Debug|Any CPU.Build.0 = Debug|Any CPU
		{9A9228CB-AF89-4FBA-93B9-D9731FC8472A}.Debug|x86.ActiveCfg = Debug|Any CPU
		{9A9228CB-AF89-4FBA-93B9-D9731FC8472A}.Debug|x86.Build.0 = Debug|Any CPU
		{9A9228CB-AF89-4FBA-93B9-D9731FC8472A}.DebugCoreFramework|Any CPU.ActiveCfg = Debug|Any CPU
		{9A9228CB-AF89-4FBA-93B9-D9731FC8472A}.DebugCoreFramework|Any CPU.Build.0 = Debug|Any CPU
		{9A9228CB-AF89-4FBA-93B9-D9731FC8472A}.DebugCoreFramework|x86.ActiveCfg = Debug|Any CPU
		{9A9228CB-AF89-4FBA-93B9-D9731FC8472A}.DebugCoreFramework|x86.Build.0 = Debug|Any CPU
		{9A9228CB-AF89-4FBA-93B9-D9731FC8472A}.DebugOptimized|Any CPU.ActiveCfg = Debug|Any CPU
		{9A9228CB-AF89-4FBA-93B9-D9731FC8472A}.DebugOptimized|Any CPU.Build.0 = Debug|Any CPU
		{9A9228CB-AF89-4FBA-93B9-D9731FC8472A}.DebugOptimized|x86.ActiveCfg = Debug|Any CPU
		{9A9228CB-AF89-4FBA-93B9-D9731FC8472A}.DebugOptimized|x86.Build.0 = Debug|Any CPU
		{9A9228CB-AF89-4FBA-93B9-D9731FC8472A}.DebugScienceAnalytics|Any CPU.ActiveCfg = Debug|Any CPU
		{9A9228CB-AF89-4FBA-93B9-D9731FC8472A}.DebugScienceAnalytics|Any CPU.Build.0 = Debug|Any CPU
		{9A9228CB-AF89-4FBA-93B9-D9731FC8472A}.DebugScienceAnalytics|x86.ActiveCfg = Debug|Any CPU
		{9A9228CB-AF89-4FBA-93B9-D9731FC8472A}.DebugScienceAnalytics|x86.Build.0 = Debug|Any CPU
		{9A9228CB-AF89-4FBA-93B9-D9731FC8472A}.Release|Any CPU.ActiveCfg = Release|Any CPU
		{9A9228CB-AF89-4FBA-93B9-D9731FC8472A}.Release|Any CPU.Build.0 = Release|Any CPU
		{9A9228CB-AF89-4FBA-93B9-D9731FC8472A}.Release|x86.ActiveCfg = Release|Any CPU
		{9A9228CB-AF89-4FBA-93B9-D9731FC8472A}.Release|x86.Build.0 = Release|Any CPU
		{9A9228CB-AF89-4FBA-93B9-D9731FC8472A}.test|Any CPU.ActiveCfg = Release|Any CPU
		{9A9228CB-AF89-4FBA-93B9-D9731FC8472A}.test|Any CPU.Build.0 = Release|Any CPU
		{9A9228CB-AF89-4FBA-93B9-D9731FC8472A}.test|x86.ActiveCfg = Release|Any CPU
		{9A9228CB-AF89-4FBA-93B9-D9731FC8472A}.test|x86.Build.0 = Release|Any CPU
		{A919149C-5E3F-468D-BF8A-5935FCA586A9}.Debug|Any CPU.ActiveCfg = Debug|Any CPU
		{A919149C-5E3F-468D-BF8A-5935FCA586A9}.Debug|Any CPU.Build.0 = Debug|Any CPU
		{A919149C-5E3F-468D-BF8A-5935FCA586A9}.Debug|x86.ActiveCfg = Debug|Any CPU
		{A919149C-5E3F-468D-BF8A-5935FCA586A9}.Debug|x86.Build.0 = Debug|Any CPU
		{A919149C-5E3F-468D-BF8A-5935FCA586A9}.DebugCoreFramework|Any CPU.ActiveCfg = Debug|Any CPU
		{A919149C-5E3F-468D-BF8A-5935FCA586A9}.DebugCoreFramework|Any CPU.Build.0 = Debug|Any CPU
		{A919149C-5E3F-468D-BF8A-5935FCA586A9}.DebugCoreFramework|x86.ActiveCfg = Debug|Any CPU
		{A919149C-5E3F-468D-BF8A-5935FCA586A9}.DebugCoreFramework|x86.Build.0 = Debug|Any CPU
		{A919149C-5E3F-468D-BF8A-5935FCA586A9}.DebugOptimized|Any CPU.ActiveCfg = Debug|Any CPU
		{A919149C-5E3F-468D-BF8A-5935FCA586A9}.DebugOptimized|Any CPU.Build.0 = Debug|Any CPU
		{A919149C-5E3F-468D-BF8A-5935FCA586A9}.DebugOptimized|x86.ActiveCfg = Debug|Any CPU
		{A919149C-5E3F-468D-BF8A-5935FCA586A9}.DebugOptimized|x86.Build.0 = Debug|Any CPU
		{A919149C-5E3F-468D-BF8A-5935FCA586A9}.DebugScienceAnalytics|Any CPU.ActiveCfg = Debug|Any CPU
		{A919149C-5E3F-468D-BF8A-5935FCA586A9}.DebugScienceAnalytics|Any CPU.Build.0 = Debug|Any CPU
		{A919149C-5E3F-468D-BF8A-5935FCA586A9}.DebugScienceAnalytics|x86.ActiveCfg = Debug|Any CPU
		{A919149C-5E3F-468D-BF8A-5935FCA586A9}.DebugScienceAnalytics|x86.Build.0 = Debug|Any CPU
		{A919149C-5E3F-468D-BF8A-5935FCA586A9}.Release|Any CPU.ActiveCfg = Release|Any CPU
		{A919149C-5E3F-468D-BF8A-5935FCA586A9}.Release|Any CPU.Build.0 = Release|Any CPU
		{A919149C-5E3F-468D-BF8A-5935FCA586A9}.Release|x86.ActiveCfg = Release|Any CPU
		{A919149C-5E3F-468D-BF8A-5935FCA586A9}.Release|x86.Build.0 = Release|Any CPU
		{A919149C-5E3F-468D-BF8A-5935FCA586A9}.test|Any CPU.ActiveCfg = Release|Any CPU
		{A919149C-5E3F-468D-BF8A-5935FCA586A9}.test|Any CPU.Build.0 = Release|Any CPU
		{A919149C-5E3F-468D-BF8A-5935FCA586A9}.test|x86.ActiveCfg = Release|Any CPU
		{A919149C-5E3F-468D-BF8A-5935FCA586A9}.test|x86.Build.0 = Release|Any CPU
		{9C1D19EF-9528-4FD6-9F96-D4E4DC1E5709}.Debug|Any CPU.ActiveCfg = Debug|Any CPU
		{9C1D19EF-9528-4FD6-9F96-D4E4DC1E5709}.Debug|Any CPU.Build.0 = Debug|Any CPU
		{9C1D19EF-9528-4FD6-9F96-D4E4DC1E5709}.Debug|x86.ActiveCfg = Debug|Any CPU
		{9C1D19EF-9528-4FD6-9F96-D4E4DC1E5709}.Debug|x86.Build.0 = Debug|Any CPU
		{9C1D19EF-9528-4FD6-9F96-D4E4DC1E5709}.DebugCoreFramework|Any CPU.ActiveCfg = Debug|Any CPU
		{9C1D19EF-9528-4FD6-9F96-D4E4DC1E5709}.DebugCoreFramework|Any CPU.Build.0 = Debug|Any CPU
		{9C1D19EF-9528-4FD6-9F96-D4E4DC1E5709}.DebugCoreFramework|x86.ActiveCfg = Debug|Any CPU
		{9C1D19EF-9528-4FD6-9F96-D4E4DC1E5709}.DebugCoreFramework|x86.Build.0 = Debug|Any CPU
		{9C1D19EF-9528-4FD6-9F96-D4E4DC1E5709}.DebugOptimized|Any CPU.ActiveCfg = Debug|Any CPU
		{9C1D19EF-9528-4FD6-9F96-D4E4DC1E5709}.DebugOptimized|Any CPU.Build.0 = Debug|Any CPU
		{9C1D19EF-9528-4FD6-9F96-D4E4DC1E5709}.DebugOptimized|x86.ActiveCfg = Debug|Any CPU
		{9C1D19EF-9528-4FD6-9F96-D4E4DC1E5709}.DebugOptimized|x86.Build.0 = Debug|Any CPU
		{9C1D19EF-9528-4FD6-9F96-D4E4DC1E5709}.DebugScienceAnalytics|Any CPU.ActiveCfg = Debug|Any CPU
		{9C1D19EF-9528-4FD6-9F96-D4E4DC1E5709}.DebugScienceAnalytics|Any CPU.Build.0 = Debug|Any CPU
		{9C1D19EF-9528-4FD6-9F96-D4E4DC1E5709}.DebugScienceAnalytics|x86.ActiveCfg = Debug|Any CPU
		{9C1D19EF-9528-4FD6-9F96-D4E4DC1E5709}.DebugScienceAnalytics|x86.Build.0 = Debug|Any CPU
		{9C1D19EF-9528-4FD6-9F96-D4E4DC1E5709}.Release|Any CPU.ActiveCfg = Release|Any CPU
		{9C1D19EF-9528-4FD6-9F96-D4E4DC1E5709}.Release|Any CPU.Build.0 = Release|Any CPU
		{9C1D19EF-9528-4FD6-9F96-D4E4DC1E5709}.Release|x86.ActiveCfg = Release|Any CPU
		{9C1D19EF-9528-4FD6-9F96-D4E4DC1E5709}.Release|x86.Build.0 = Release|Any CPU
		{9C1D19EF-9528-4FD6-9F96-D4E4DC1E5709}.test|Any CPU.ActiveCfg = Release|Any CPU
		{9C1D19EF-9528-4FD6-9F96-D4E4DC1E5709}.test|Any CPU.Build.0 = Release|Any CPU
		{9C1D19EF-9528-4FD6-9F96-D4E4DC1E5709}.test|x86.ActiveCfg = Release|Any CPU
		{9C1D19EF-9528-4FD6-9F96-D4E4DC1E5709}.test|x86.Build.0 = Release|Any CPU
		{AEA3D3AD-56C4-4811-806B-DE563E248138}.Debug|Any CPU.ActiveCfg = Debug|Any CPU
		{AEA3D3AD-56C4-4811-806B-DE563E248138}.Debug|Any CPU.Build.0 = Debug|Any CPU
		{AEA3D3AD-56C4-4811-806B-DE563E248138}.Debug|x86.ActiveCfg = Debug|Any CPU
		{AEA3D3AD-56C4-4811-806B-DE563E248138}.Debug|x86.Build.0 = Debug|Any CPU
		{AEA3D3AD-56C4-4811-806B-DE563E248138}.DebugCoreFramework|Any CPU.ActiveCfg = Debug|Any CPU
		{AEA3D3AD-56C4-4811-806B-DE563E248138}.DebugCoreFramework|Any CPU.Build.0 = Debug|Any CPU
		{AEA3D3AD-56C4-4811-806B-DE563E248138}.DebugCoreFramework|x86.ActiveCfg = Debug|Any CPU
		{AEA3D3AD-56C4-4811-806B-DE563E248138}.DebugCoreFramework|x86.Build.0 = Debug|Any CPU
		{AEA3D3AD-56C4-4811-806B-DE563E248138}.DebugOptimized|Any CPU.ActiveCfg = Debug|Any CPU
		{AEA3D3AD-56C4-4811-806B-DE563E248138}.DebugOptimized|Any CPU.Build.0 = Debug|Any CPU
		{AEA3D3AD-56C4-4811-806B-DE563E248138}.DebugOptimized|x86.ActiveCfg = Debug|Any CPU
		{AEA3D3AD-56C4-4811-806B-DE563E248138}.DebugOptimized|x86.Build.0 = Debug|Any CPU
		{AEA3D3AD-56C4-4811-806B-DE563E248138}.DebugScienceAnalytics|Any CPU.ActiveCfg = Debug|Any CPU
		{AEA3D3AD-56C4-4811-806B-DE563E248138}.DebugScienceAnalytics|Any CPU.Build.0 = Debug|Any CPU
		{AEA3D3AD-56C4-4811-806B-DE563E248138}.DebugScienceAnalytics|x86.ActiveCfg = Debug|Any CPU
		{AEA3D3AD-56C4-4811-806B-DE563E248138}.DebugScienceAnalytics|x86.Build.0 = Debug|Any CPU
		{AEA3D3AD-56C4-4811-806B-DE563E248138}.Release|Any CPU.ActiveCfg = Release|Any CPU
		{AEA3D3AD-56C4-4811-806B-DE563E248138}.Release|x86.ActiveCfg = Release|Any CPU
		{AEA3D3AD-56C4-4811-806B-DE563E248138}.Release|x86.Build.0 = Release|Any CPU
		{AEA3D3AD-56C4-4811-806B-DE563E248138}.test|Any CPU.ActiveCfg = Release|Any CPU
		{AEA3D3AD-56C4-4811-806B-DE563E248138}.test|Any CPU.Build.0 = Release|Any CPU
		{AEA3D3AD-56C4-4811-806B-DE563E248138}.test|x86.ActiveCfg = Release|Any CPU
		{AEA3D3AD-56C4-4811-806B-DE563E248138}.test|x86.Build.0 = Release|Any CPU
		{16F23F3B-6FC3-4204-840B-CD70D5E2FFB6}.Debug|Any CPU.ActiveCfg = Debug|Any CPU
		{16F23F3B-6FC3-4204-840B-CD70D5E2FFB6}.Debug|Any CPU.Build.0 = Debug|Any CPU
		{16F23F3B-6FC3-4204-840B-CD70D5E2FFB6}.Debug|x86.ActiveCfg = Debug|Any CPU
		{16F23F3B-6FC3-4204-840B-CD70D5E2FFB6}.Debug|x86.Build.0 = Debug|Any CPU
		{16F23F3B-6FC3-4204-840B-CD70D5E2FFB6}.DebugCoreFramework|Any CPU.ActiveCfg = Debug|Any CPU
		{16F23F3B-6FC3-4204-840B-CD70D5E2FFB6}.DebugCoreFramework|Any CPU.Build.0 = Debug|Any CPU
		{16F23F3B-6FC3-4204-840B-CD70D5E2FFB6}.DebugCoreFramework|x86.ActiveCfg = Debug|Any CPU
		{16F23F3B-6FC3-4204-840B-CD70D5E2FFB6}.DebugCoreFramework|x86.Build.0 = Debug|Any CPU
		{16F23F3B-6FC3-4204-840B-CD70D5E2FFB6}.DebugOptimized|Any CPU.ActiveCfg = Debug|Any CPU
		{16F23F3B-6FC3-4204-840B-CD70D5E2FFB6}.DebugOptimized|Any CPU.Build.0 = Debug|Any CPU
		{16F23F3B-6FC3-4204-840B-CD70D5E2FFB6}.DebugOptimized|x86.ActiveCfg = Debug|Any CPU
		{16F23F3B-6FC3-4204-840B-CD70D5E2FFB6}.DebugOptimized|x86.Build.0 = Debug|Any CPU
		{16F23F3B-6FC3-4204-840B-CD70D5E2FFB6}.DebugScienceAnalytics|Any CPU.ActiveCfg = Debug|Any CPU
		{16F23F3B-6FC3-4204-840B-CD70D5E2FFB6}.DebugScienceAnalytics|Any CPU.Build.0 = Debug|Any CPU
		{16F23F3B-6FC3-4204-840B-CD70D5E2FFB6}.DebugScienceAnalytics|x86.ActiveCfg = Debug|Any CPU
		{16F23F3B-6FC3-4204-840B-CD70D5E2FFB6}.DebugScienceAnalytics|x86.Build.0 = Debug|Any CPU
		{16F23F3B-6FC3-4204-840B-CD70D5E2FFB6}.Release|Any CPU.ActiveCfg = Release|Any CPU
		{16F23F3B-6FC3-4204-840B-CD70D5E2FFB6}.Release|x86.ActiveCfg = Release|Any CPU
		{16F23F3B-6FC3-4204-840B-CD70D5E2FFB6}.Release|x86.Build.0 = Release|Any CPU
		{16F23F3B-6FC3-4204-840B-CD70D5E2FFB6}.test|Any CPU.ActiveCfg = Release|Any CPU
		{16F23F3B-6FC3-4204-840B-CD70D5E2FFB6}.test|Any CPU.Build.0 = Release|Any CPU
		{16F23F3B-6FC3-4204-840B-CD70D5E2FFB6}.test|x86.ActiveCfg = Release|Any CPU
		{16F23F3B-6FC3-4204-840B-CD70D5E2FFB6}.test|x86.Build.0 = Release|Any CPU
		{3F7D6E9B-9442-47DB-AC2E-3BFE38E644D5}.Debug|Any CPU.ActiveCfg = Debug|Any CPU
		{3F7D6E9B-9442-47DB-AC2E-3BFE38E644D5}.Debug|Any CPU.Build.0 = Debug|Any CPU
		{3F7D6E9B-9442-47DB-AC2E-3BFE38E644D5}.Debug|x86.ActiveCfg = Debug|Any CPU
		{3F7D6E9B-9442-47DB-AC2E-3BFE38E644D5}.Debug|x86.Build.0 = Debug|Any CPU
		{3F7D6E9B-9442-47DB-AC2E-3BFE38E644D5}.DebugCoreFramework|Any CPU.ActiveCfg = Debug|Any CPU
		{3F7D6E9B-9442-47DB-AC2E-3BFE38E644D5}.DebugCoreFramework|Any CPU.Build.0 = Debug|Any CPU
		{3F7D6E9B-9442-47DB-AC2E-3BFE38E644D5}.DebugCoreFramework|x86.ActiveCfg = Debug|Any CPU
		{3F7D6E9B-9442-47DB-AC2E-3BFE38E644D5}.DebugCoreFramework|x86.Build.0 = Debug|Any CPU
		{3F7D6E9B-9442-47DB-AC2E-3BFE38E644D5}.DebugOptimized|Any CPU.ActiveCfg = Debug|Any CPU
		{3F7D6E9B-9442-47DB-AC2E-3BFE38E644D5}.DebugOptimized|Any CPU.Build.0 = Debug|Any CPU
		{3F7D6E9B-9442-47DB-AC2E-3BFE38E644D5}.DebugOptimized|x86.ActiveCfg = Debug|Any CPU
		{3F7D6E9B-9442-47DB-AC2E-3BFE38E644D5}.DebugOptimized|x86.Build.0 = Debug|Any CPU
		{3F7D6E9B-9442-47DB-AC2E-3BFE38E644D5}.DebugScienceAnalytics|Any CPU.ActiveCfg = Debug|Any CPU
		{3F7D6E9B-9442-47DB-AC2E-3BFE38E644D5}.DebugScienceAnalytics|Any CPU.Build.0 = Debug|Any CPU
		{3F7D6E9B-9442-47DB-AC2E-3BFE38E644D5}.DebugScienceAnalytics|x86.ActiveCfg = Debug|Any CPU
		{3F7D6E9B-9442-47DB-AC2E-3BFE38E644D5}.DebugScienceAnalytics|x86.Build.0 = Debug|Any CPU
		{3F7D6E9B-9442-47DB-AC2E-3BFE38E644D5}.Release|Any CPU.ActiveCfg = Release|Any CPU
		{3F7D6E9B-9442-47DB-AC2E-3BFE38E644D5}.Release|Any CPU.Build.0 = Release|Any CPU
		{3F7D6E9B-9442-47DB-AC2E-3BFE38E644D5}.Release|x86.ActiveCfg = Release|Any CPU
		{3F7D6E9B-9442-47DB-AC2E-3BFE38E644D5}.Release|x86.Build.0 = Release|Any CPU
		{3F7D6E9B-9442-47DB-AC2E-3BFE38E644D5}.test|Any CPU.ActiveCfg = Release|Any CPU
		{3F7D6E9B-9442-47DB-AC2E-3BFE38E644D5}.test|Any CPU.Build.0 = Release|Any CPU
		{3F7D6E9B-9442-47DB-AC2E-3BFE38E644D5}.test|x86.ActiveCfg = Release|Any CPU
		{3F7D6E9B-9442-47DB-AC2E-3BFE38E644D5}.test|x86.Build.0 = Release|Any CPU
		{A7FF5A94-F239-464F-BE76-4F93E071044A}.Debug|Any CPU.ActiveCfg = Debug|Any CPU
		{A7FF5A94-F239-464F-BE76-4F93E071044A}.Debug|Any CPU.Build.0 = Debug|Any CPU
		{A7FF5A94-F239-464F-BE76-4F93E071044A}.Debug|x86.ActiveCfg = Debug|Any CPU
		{A7FF5A94-F239-464F-BE76-4F93E071044A}.Debug|x86.Build.0 = Debug|Any CPU
		{A7FF5A94-F239-464F-BE76-4F93E071044A}.DebugCoreFramework|Any CPU.ActiveCfg = Debug|Any CPU
		{A7FF5A94-F239-464F-BE76-4F93E071044A}.DebugCoreFramework|Any CPU.Build.0 = Debug|Any CPU
		{A7FF5A94-F239-464F-BE76-4F93E071044A}.DebugCoreFramework|x86.ActiveCfg = Debug|Any CPU
		{A7FF5A94-F239-464F-BE76-4F93E071044A}.DebugCoreFramework|x86.Build.0 = Debug|Any CPU
		{A7FF5A94-F239-464F-BE76-4F93E071044A}.DebugOptimized|Any CPU.ActiveCfg = Debug|Any CPU
		{A7FF5A94-F239-464F-BE76-4F93E071044A}.DebugOptimized|Any CPU.Build.0 = Debug|Any CPU
		{A7FF5A94-F239-464F-BE76-4F93E071044A}.DebugOptimized|x86.ActiveCfg = Debug|Any CPU
		{A7FF5A94-F239-464F-BE76-4F93E071044A}.DebugOptimized|x86.Build.0 = Debug|Any CPU
		{A7FF5A94-F239-464F-BE76-4F93E071044A}.DebugScienceAnalytics|Any CPU.ActiveCfg = Debug|Any CPU
		{A7FF5A94-F239-464F-BE76-4F93E071044A}.DebugScienceAnalytics|Any CPU.Build.0 = Debug|Any CPU
		{A7FF5A94-F239-464F-BE76-4F93E071044A}.DebugScienceAnalytics|x86.ActiveCfg = Debug|Any CPU
		{A7FF5A94-F239-464F-BE76-4F93E071044A}.DebugScienceAnalytics|x86.Build.0 = Debug|Any CPU
		{A7FF5A94-F239-464F-BE76-4F93E071044A}.Release|Any CPU.ActiveCfg = Release|Any CPU
		{A7FF5A94-F239-464F-BE76-4F93E071044A}.Release|Any CPU.Build.0 = Release|Any CPU
		{A7FF5A94-F239-464F-BE76-4F93E071044A}.Release|x86.ActiveCfg = Release|Any CPU
		{A7FF5A94-F239-464F-BE76-4F93E071044A}.Release|x86.Build.0 = Release|Any CPU
		{A7FF5A94-F239-464F-BE76-4F93E071044A}.test|Any CPU.ActiveCfg = Release|Any CPU
		{A7FF5A94-F239-464F-BE76-4F93E071044A}.test|Any CPU.Build.0 = Release|Any CPU
		{A7FF5A94-F239-464F-BE76-4F93E071044A}.test|x86.ActiveCfg = Release|Any CPU
		{A7FF5A94-F239-464F-BE76-4F93E071044A}.test|x86.Build.0 = Release|Any CPU
		{44632DFA-7E69-4F56-B87C-005D013F312D}.Debug|Any CPU.ActiveCfg = Debug|Any CPU
		{44632DFA-7E69-4F56-B87C-005D013F312D}.Debug|Any CPU.Build.0 = Debug|Any CPU
		{44632DFA-7E69-4F56-B87C-005D013F312D}.Debug|x86.ActiveCfg = Debug|Any CPU
		{44632DFA-7E69-4F56-B87C-005D013F312D}.Debug|x86.Build.0 = Debug|Any CPU
		{44632DFA-7E69-4F56-B87C-005D013F312D}.DebugCoreFramework|Any CPU.ActiveCfg = Debug|Any CPU
		{44632DFA-7E69-4F56-B87C-005D013F312D}.DebugCoreFramework|Any CPU.Build.0 = Debug|Any CPU
		{44632DFA-7E69-4F56-B87C-005D013F312D}.DebugCoreFramework|x86.ActiveCfg = Debug|Any CPU
		{44632DFA-7E69-4F56-B87C-005D013F312D}.DebugCoreFramework|x86.Build.0 = Debug|Any CPU
		{44632DFA-7E69-4F56-B87C-005D013F312D}.DebugOptimized|Any CPU.ActiveCfg = Debug|Any CPU
		{44632DFA-7E69-4F56-B87C-005D013F312D}.DebugOptimized|Any CPU.Build.0 = Debug|Any CPU
		{44632DFA-7E69-4F56-B87C-005D013F312D}.DebugOptimized|x86.ActiveCfg = Debug|Any CPU
		{44632DFA-7E69-4F56-B87C-005D013F312D}.DebugOptimized|x86.Build.0 = Debug|Any CPU
		{44632DFA-7E69-4F56-B87C-005D013F312D}.DebugScienceAnalytics|Any CPU.ActiveCfg = Debug|Any CPU
		{44632DFA-7E69-4F56-B87C-005D013F312D}.DebugScienceAnalytics|Any CPU.Build.0 = Debug|Any CPU
		{44632DFA-7E69-4F56-B87C-005D013F312D}.DebugScienceAnalytics|x86.ActiveCfg = Debug|Any CPU
		{44632DFA-7E69-4F56-B87C-005D013F312D}.DebugScienceAnalytics|x86.Build.0 = Debug|Any CPU
		{44632DFA-7E69-4F56-B87C-005D013F312D}.Release|Any CPU.ActiveCfg = Release|Any CPU
		{44632DFA-7E69-4F56-B87C-005D013F312D}.Release|Any CPU.Build.0 = Release|Any CPU
		{44632DFA-7E69-4F56-B87C-005D013F312D}.Release|x86.ActiveCfg = Release|Any CPU
		{44632DFA-7E69-4F56-B87C-005D013F312D}.Release|x86.Build.0 = Release|Any CPU
		{44632DFA-7E69-4F56-B87C-005D013F312D}.test|Any CPU.ActiveCfg = Release|Any CPU
		{44632DFA-7E69-4F56-B87C-005D013F312D}.test|Any CPU.Build.0 = Release|Any CPU
		{44632DFA-7E69-4F56-B87C-005D013F312D}.test|x86.ActiveCfg = Release|Any CPU
		{44632DFA-7E69-4F56-B87C-005D013F312D}.test|x86.Build.0 = Release|Any CPU
		{9E971A11-60E4-4EA8-A705-131EC88B35D8}.Debug|Any CPU.ActiveCfg = Debug|Any CPU
		{9E971A11-60E4-4EA8-A705-131EC88B35D8}.Debug|Any CPU.Build.0 = Debug|Any CPU
		{9E971A11-60E4-4EA8-A705-131EC88B35D8}.Debug|x86.ActiveCfg = Debug|Any CPU
		{9E971A11-60E4-4EA8-A705-131EC88B35D8}.Debug|x86.Build.0 = Debug|Any CPU
		{9E971A11-60E4-4EA8-A705-131EC88B35D8}.DebugCoreFramework|Any CPU.ActiveCfg = Debug|Any CPU
		{9E971A11-60E4-4EA8-A705-131EC88B35D8}.DebugCoreFramework|Any CPU.Build.0 = Debug|Any CPU
		{9E971A11-60E4-4EA8-A705-131EC88B35D8}.DebugCoreFramework|x86.ActiveCfg = Debug|Any CPU
		{9E971A11-60E4-4EA8-A705-131EC88B35D8}.DebugCoreFramework|x86.Build.0 = Debug|Any CPU
		{9E971A11-60E4-4EA8-A705-131EC88B35D8}.DebugOptimized|Any CPU.ActiveCfg = Debug|Any CPU
		{9E971A11-60E4-4EA8-A705-131EC88B35D8}.DebugOptimized|Any CPU.Build.0 = Debug|Any CPU
		{9E971A11-60E4-4EA8-A705-131EC88B35D8}.DebugOptimized|x86.ActiveCfg = Debug|Any CPU
		{9E971A11-60E4-4EA8-A705-131EC88B35D8}.DebugOptimized|x86.Build.0 = Debug|Any CPU
		{9E971A11-60E4-4EA8-A705-131EC88B35D8}.DebugScienceAnalytics|Any CPU.ActiveCfg = Debug|Any CPU
		{9E971A11-60E4-4EA8-A705-131EC88B35D8}.DebugScienceAnalytics|Any CPU.Build.0 = Debug|Any CPU
		{9E971A11-60E4-4EA8-A705-131EC88B35D8}.DebugScienceAnalytics|x86.ActiveCfg = Debug|Any CPU
		{9E971A11-60E4-4EA8-A705-131EC88B35D8}.DebugScienceAnalytics|x86.Build.0 = Debug|Any CPU
		{9E971A11-60E4-4EA8-A705-131EC88B35D8}.Release|Any CPU.ActiveCfg = Release|Any CPU
		{9E971A11-60E4-4EA8-A705-131EC88B35D8}.Release|Any CPU.Build.0 = Release|Any CPU
		{9E971A11-60E4-4EA8-A705-131EC88B35D8}.Release|x86.ActiveCfg = Release|Any CPU
		{9E971A11-60E4-4EA8-A705-131EC88B35D8}.Release|x86.Build.0 = Release|Any CPU
		{9E971A11-60E4-4EA8-A705-131EC88B35D8}.test|Any CPU.ActiveCfg = Release|Any CPU
		{9E971A11-60E4-4EA8-A705-131EC88B35D8}.test|Any CPU.Build.0 = Release|Any CPU
		{9E971A11-60E4-4EA8-A705-131EC88B35D8}.test|x86.ActiveCfg = Release|Any CPU
		{9E971A11-60E4-4EA8-A705-131EC88B35D8}.test|x86.Build.0 = Release|Any CPU
	EndGlobalSection
	GlobalSection(SolutionProperties) = preSolution
		HideSolutionNode = FALSE
	EndGlobalSection
	GlobalSection(ExtensibilityGlobals) = postSolution
		SolutionGuid = {4D930239-C7F0-424E-AF0A-5235EC54965D}
	EndGlobalSection
EndGlobal
